{
  "version": 4,
  "terraform_version": "1.9.4",
  "serial": 5,
  "lineage": "ad8dbff8-a9bf-cda0-6953-ef4790c180c3",
  "outputs": {},
  "resources": [
    {
      "mode": "managed",
      "type": "local_file",
      "name": "abc",
      "provider": "provider[\"registry.terraform.io/hashicorp/local\"]",
      "instances": [
        {
          "schema_version": 0,
          "attributes": {
            "content": "abc!",
            "content_base64": null,
            "content_base64sha256": "U+Dv8yBGJvPiVspjZXLXzN+OtaGQyd76P6VnvGOGa3Y=",
            "content_base64sha512": "J873Ugx5HyDEnYsjdX8iMBjn4I3gft82udsl3lNeWEoqwmNE3mvUZNNz4QRqQ3iaT5SW1y9p3e1Xn2txEBapKg==",
            "content_md5": "4edb03f55c86d5e0a76f5627fa506bbf",
            "content_sha1": "5678fb68a642f3c6c8004c1bdc21e7142087287b",
            "content_sha256": "53e0eff3204626f3e256ca636572d7ccdf8eb5a190c9defa3fa567bc63866b76",
            "content_sha512": "27cef7520c791f20c49d8b23757f223018e7e08de07edf36b9db25de535e584a2ac26344de6bd464d373e1046a43789a4f9496d72f69dded579f6b711016a92a",
            "directory_permission": "0777",
            "file_permission": "0777",
            "filename": "./abc.txt",
            "id": "5678fb68a642f3c6c8004c1bdc21e7142087287b",
            "sensitive_content": null,
            "source": null
          },
          "sensitive_attributes": [
            [
              {
                "type": "get_attr",
                "value": "sensitive_content"
              }
            ]
          ]
        }
      ]
    }
  ],
  "check_results": null
}
