{
  "version": 4,
  "terraform_version": "1.9.4",
  "serial": 25,
  "lineage": "ad8dbff8-a9bf-cda0-6953-ef4790c180c3",
  "outputs": {},
  "resources": [
    {
      "mode": "managed",
      "type": "local_file",
      "name": "abc",
      "provider": "provider[\"registry.terraform.io/hashicorp/local\"]",
      "instances": [
        {
          "schema_version": 0,
          "attributes": {
            "content": "lifecycle - step 1",
            "content_base64": null,
            "content_base64sha256": "mWPFMXSOz+Q/uQKVbykSD/aZqtO8THFqRCcH2NaqkXc=",
            "content_base64sha512": "Wa0KB/Qm0YIFpVWUcDMFSiC42nNRLzGsB+MOox8EnJMWGwJ5gkfx4GdODN9BX9lPO+C1lWMAhUNTOLD6j1cBRg==",
            "content_md5": "973913f00967dad5c7f311448854eadf",
            "content_sha1": "7e817d811209db576335597bcd326518fe13398b",
            "content_sha256": "9963c531748ecfe43fb902956f29120ff699aad3bc4c716a442707d8d6aa9177",
            "content_sha512": "59ad0a07f426d18205a555947033054a20b8da73512f31ac07e30ea31f049c93161b02798247f1e0674e0cdf415fd94f3be0b595630085435338b0fa8f570146",
            "directory_permission": "0777",
            "file_permission": "0777",
            "filename": "./abc.txt",
            "id": "7e817d811209db576335597bcd326518fe13398b",
            "sensitive_content": null,
            "source": null
          },
          "sensitive_attributes": [
            [
              {
                "type": "get_attr",
                "value": "sensitive_content"
              }
            ]
          ]
        }
      ]
    }
  ],
  "check_results": null
}
