{
  "version": 4,
  "terraform_version": "1.9.4",
  "serial": 94,
  "lineage": "ad8dbff8-a9bf-cda0-6953-ef4790c180c3",
  "outputs": {},
  "resources": [
    {
      "mode": "managed",
      "type": "local_file",
      "name": "abc",
      "provider": "provider[\"registry.terraform.io/hashicorp/local\"]",
      "instances": [
        {
          "index_key": "a",
          "schema_version": 0,
          "attributes": {
            "content": "abc",
            "content_base64": null,
            "content_base64sha256": "ungWv48Bz+pBQUDeXa4iI7ADYaOWF3qctBD/YfIAFa0=",
            "content_base64sha512": "3a81oZNherrMQXNJriBBMRLm+k6JqX6iCp7u5ktV05ohkpkqJ0/BqDa6PCOj/uu9RU1EI2Q86A4qmslPpUyknw==",
            "content_md5": "900150983cd24fb0d6963f7d28e17f72",
            "content_sha1": "a9993e364706816aba3e25717850c26c9cd0d89d",
            "content_sha256": "ba7816bf8f01cfea414140de5dae2223b00361a396177a9cb410ff61f20015ad",
            "content_sha512": "ddaf35a193617abacc417349ae20413112e6fa4e89a97ea20a9eeee64b55d39a2192992a274fc1a836ba3c23a3feebbd454d4423643ce80e2a9ac94fa54ca49f",
            "directory_permission": "0777",
            "file_permission": "0777",
            "filename": "./abc-a.txt",
            "id": "a9993e364706816aba3e25717850c26c9cd0d89d",
            "sensitive_content": null,
            "source": null
          },
          "sensitive_attributes": [
            [
              {
                "type": "get_attr",
                "value": "sensitive_content"
              }
            ]
          ]
        },
        {
          "index_key": "b",
          "schema_version": 0,
          "attributes": {
            "content": "abc",
            "content_base64": null,
            "content_base64sha256": "ungWv48Bz+pBQUDeXa4iI7ADYaOWF3qctBD/YfIAFa0=",
            "content_base64sha512": "3a81oZNherrMQXNJriBBMRLm+k6JqX6iCp7u5ktV05ohkpkqJ0/BqDa6PCOj/uu9RU1EI2Q86A4qmslPpUyknw==",
            "content_md5": "900150983cd24fb0d6963f7d28e17f72",
            "content_sha1": "a9993e364706816aba3e25717850c26c9cd0d89d",
            "content_sha256": "ba7816bf8f01cfea414140de5dae2223b00361a396177a9cb410ff61f20015ad",
            "content_sha512": "ddaf35a193617abacc417349ae20413112e6fa4e89a97ea20a9eeee64b55d39a2192992a274fc1a836ba3c23a3feebbd454d4423643ce80e2a9ac94fa54ca49f",
            "directory_permission": "0777",
            "file_permission": "0777",
            "filename": "./abc-b.txt",
            "id": "a9993e364706816aba3e25717850c26c9cd0d89d",
            "sensitive_content": null,
            "source": null
          },
          "sensitive_attributes": [
            [
              {
                "type": "get_attr",
                "value": "sensitive_content"
              }
            ]
          ]
        },
        {
          "index_key": "c",
          "schema_version": 0,
          "attributes": {
            "content": "abc",
            "content_base64": null,
            "content_base64sha256": "ungWv48Bz+pBQUDeXa4iI7ADYaOWF3qctBD/YfIAFa0=",
            "content_base64sha512": "3a81oZNherrMQXNJriBBMRLm+k6JqX6iCp7u5ktV05ohkpkqJ0/BqDa6PCOj/uu9RU1EI2Q86A4qmslPpUyknw==",
            "content_md5": "900150983cd24fb0d6963f7d28e17f72",
            "content_sha1": "a9993e364706816aba3e25717850c26c9cd0d89d",
            "content_sha256": "ba7816bf8f01cfea414140de5dae2223b00361a396177a9cb410ff61f20015ad",
            "content_sha512": "ddaf35a193617abacc417349ae20413112e6fa4e89a97ea20a9eeee64b55d39a2192992a274fc1a836ba3c23a3feebbd454d4423643ce80e2a9ac94fa54ca49f",
            "directory_permission": "0777",
            "file_permission": "0777",
            "filename": "./abc-c.txt",
            "id": "a9993e364706816aba3e25717850c26c9cd0d89d",
            "sensitive_content": null,
            "source": null
          },
          "sensitive_attributes": [
            [
              {
                "type": "get_attr",
                "value": "sensitive_content"
              }
            ]
          ]
        }
      ]
    }
  ],
  "check_results": null
}
